// !$*UTF8*$!
{
	archiveVersion = 1;
	classes = {
	};
	objectVersion = 55;
	objects = {

/* Begin PBXBuildFile section */
		291AD1412874438400AF284F /* Tablet.m in Sources */ = {isa = PBXBuildFile; fileRef = 2966E3E128741E9600C073A4 /* Tablet.m */; };
		291AD1422874438700AF284F /* TabletBuilder.m in Sources */ = {isa = PBXBuildFile; fileRef = 2966E3DD28741E8000C073A4 /* TabletBuilder.m */; };
		29223C5128A4FD5200D70FF8 /* CellPhoneResolutionReader.m in Sources */ = {isa = PBXBuildFile; fileRef = 29223C5028A4FD5200D70FF8 /* CellPhoneResolutionReader.m */; };
		29223C5428A7FEA400D70FF8 /* CellPhoneOSVersionReader.m in Sources */ = {isa = PBXBuildFile; fileRef = 29223C5328A7FEA400D70FF8 /* CellPhoneOSVersionReader.m */; };
		29348F4C286C8709003F4B78 /* Laptop.m in Sources */ = {isa = PBXBuildFile; fileRef = 29348F4B286C8709003F4B78 /* Laptop.m */; };
		29348F4F286C871D003F4B78 /* LaptopBuilder.m in Sources */ = {isa = PBXBuildFile; fileRef = 29348F4E286C871D003F4B78 /* LaptopBuilder.m */; };
		2940C293279DDA9C0010B621 /* main.m in Sources */ = {isa = PBXBuildFile; fileRef = 2940C292279DDA9C0010B621 /* main.m */; };
		2940C2A0279DDAB30010B621 /* FactoryMethod.m in Sources */ = {isa = PBXBuildFile; fileRef = 2940C29F279DDAB30010B621 /* FactoryMethod.m */; };
		2940C2A6279DE2D50010B621 /* SourceFactory.m in Sources */ = {isa = PBXBuildFile; fileRef = 2940C2A5279DE2D50010B621 /* SourceFactory.m */; };
		2940C2AF279DE4100010B621 /* DataSource.m in Sources */ = {isa = PBXBuildFile; fileRef = 2940C2AE279DE4100010B621 /* DataSource.m */; };
		2940C2B2279DE43E0010B621 /* NetworkDataSource.m in Sources */ = {isa = PBXBuildFile; fileRef = 2940C2B1279DE43E0010B621 /* NetworkDataSource.m */; };
		2940C2B5279DE47E0010B621 /* PersistentDataSource.m in Sources */ = {isa = PBXBuildFile; fileRef = 2940C2B4279DE47E0010B621 /* PersistentDataSource.m */; };
		2940C2B8279DE65D0010B621 /* CreateNetworkDataSource.m in Sources */ = {isa = PBXBuildFile; fileRef = 2940C2B7279DE65D0010B621 /* CreateNetworkDataSource.m */; };
		2940C2BB279DE6800010B621 /* CreateLocalDataSource.m in Sources */ = {isa = PBXBuildFile; fileRef = 2940C2BA279DE6800010B621 /* CreateLocalDataSource.m */; };
		2940C2BF279DEA7B0010B621 /* Repository.m in Sources */ = {isa = PBXBuildFile; fileRef = 2940C2BE279DEA7B0010B621 /* Repository.m */; };
		295177BD286438CE008BCDDA /* Singleton.m in Sources */ = {isa = PBXBuildFile; fileRef = 295177BC286438CE008BCDDA /* Singleton.m */; };
		295177C428644B86008BCDDA /* UserSetting.m in Sources */ = {isa = PBXBuildFile; fileRef = 295177C328644B86008BCDDA /* UserSetting.m */; };
		2966E3EE287442A600C073A4 /* RegularBuilder.m in Sources */ = {isa = PBXBuildFile; fileRef = 2966E3D328741A8700C073A4 /* RegularBuilder.m */; };
		297A900F28B396B6007ED82C /* AdminUserHandler.m in Sources */ = {isa = PBXBuildFile; fileRef = 297A900E28B396B6007ED82C /* AdminUserHandler.m */; };
		297E32A028AE43FE0076BA9F /* ChainOfResponsibility.m in Sources */ = {isa = PBXBuildFile; fileRef = 297E329F28AE43FE0076BA9F /* ChainOfResponsibility.m */; };
		297E32AC28AE53AD0076BA9F /* Subscribed.m in Sources */ = {isa = PBXBuildFile; fileRef = 297E32AB28AE53AD0076BA9F /* Subscribed.m */; };
		297E32AF28AE54B30076BA9F /* Admin.m in Sources */ = {isa = PBXBuildFile; fileRef = 297E32AE28AE54B30076BA9F /* Admin.m */; };
		2996FC8D28734BBA00C2CB50 /* AbstractFactory.m in Sources */ = {isa = PBXBuildFile; fileRef = 2996FC8C28734BBA00C2CB50 /* AbstractFactory.m */; };
		2996FC962873642F00C2CB50 /* VerticalLoadWashingMachine.m in Sources */ = {isa = PBXBuildFile; fileRef = 2996FC952873642F00C2CB50 /* VerticalLoadWashingMachine.m */; };
		2996FC992873654200C2CB50 /* FrontalLoadWashingMachine.m in Sources */ = {isa = PBXBuildFile; fileRef = 2996FC982873654200C2CB50 /* FrontalLoadWashingMachine.m */; };
		2996FCA22873766000C2CB50 /* VerticalWashingMachineFactory.m in Sources */ = {isa = PBXBuildFile; fileRef = 2996FCA12873766000C2CB50 /* VerticalWashingMachineFactory.m */; };
		2996FCA5287376B400C2CB50 /* FrontalWashingMachineFactory.m in Sources */ = {isa = PBXBuildFile; fileRef = 2996FCA4287376B400C2CB50 /* FrontalWashingMachineFactory.m */; };
		2996FCA928737C0800C2CB50 /* Warehouse.m in Sources */ = {isa = PBXBuildFile; fileRef = 2996FCA828737C0800C2CB50 /* Warehouse.m */; };
		29A6B613286B47BE00091B3D /* Builder.m in Sources */ = {isa = PBXBuildFile; fileRef = 29A6B612286B47BE00091B3D /* Builder.m */; };
		29CEE3B82893C35400913F20 /* Visitor.m in Sources */ = {isa = PBXBuildFile; fileRef = 29CEE3B72893C35400913F20 /* Visitor.m */; };
		29CEE3C52893C78100913F20 /* AndroidCellPhone.m in Sources */ = {isa = PBXBuildFile; fileRef = 29CEE3C42893C78100913F20 /* AndroidCellPhone.m */; };
		29CEE3C82893C79400913F20 /* iOSCellPhone.m in Sources */ = {isa = PBXBuildFile; fileRef = 29CEE3C72893C79400913F20 /* iOSCellPhone.m */; };
		29E36130286AEE3A00E64485 /* Prototype.m in Sources */ = {isa = PBXBuildFile; fileRef = 29E3612F286AEE3A00E64485 /* Prototype.m */; };
		29E36138286AF21000E64485 /* WaterTap.m in Sources */ = {isa = PBXBuildFile; fileRef = 29E36137286AF21000E64485 /* WaterTap.m */; };
		29E3613B286B0C7C00E64485 /* PlumbingStore.m in Sources */ = {isa = PBXBuildFile; fileRef = 29E3613A286B0C7C00E64485 /* PlumbingStore.m */; };
		29E496142891174500357C9D /* Route.m in Sources */ = {isa = PBXBuildFile; fileRef = 29E496132891174500357C9D /* Route.m */; };
		29E4961728911A2200357C9D /* NavigationSubsystem.m in Sources */ = {isa = PBXBuildFile; fileRef = 29E4961628911A2200357C9D /* NavigationSubsystem.m */; };
		29E4961B289122C500357C9D /* MapSDKFacade.m in Sources */ = {isa = PBXBuildFile; fileRef = 29E4961A289122C500357C9D /* MapSDKFacade.m */; };
		29E8F74E28AE5F78003AEE80 /* Unsubscribed.m in Sources */ = {isa = PBXBuildFile; fileRef = 29E8F74D28AE5F78003AEE80 /* Unsubscribed.m */; };
		29E8F75228AF6388003AEE80 /* SubscribedUserHandler.m in Sources */ = {isa = PBXBuildFile; fileRef = 29E8F75128AF6388003AEE80 /* SubscribedUserHandler.m */; };
		29E8F75528AF63E4003AEE80 /* UnsubscribedUserHandler.m in Sources */ = {isa = PBXBuildFile; fileRef = 29E8F75428AF63E4003AEE80 /* UnsubscribedUserHandler.m */; };
		29EA91B9289003C900B17834 /* Facade.m in Sources */ = {isa = PBXBuildFile; fileRef = 29EA91B8289003C900B17834 /* Facade.m */; };
/* End PBXBuildFile section */

/* Begin PBXCopyFilesBuildPhase section */
		2940C28D279DDA9C0010B621 /* CopyFiles */ = {
			isa = PBXCopyFilesBuildPhase;
			buildActionMask = 2147483647;
			dstPath = /usr/share/man/man1/;
			dstSubfolderSpec = 0;
			files = (
			);
			runOnlyForDeploymentPostprocessing = 1;
		};
/* End PBXCopyFilesBuildPhase section */

/* Begin PBXFileReference section */
		29223C4F28A4FD5200D70FF8 /* CellPhoneResolutionReader.h */ = {isa = PBXFileReference; lastKnownFileType = sourcecode.c.h; path = CellPhoneResolutionReader.h; sourceTree = "<group>"; };
		29223C5028A4FD5200D70FF8 /* CellPhoneResolutionReader.m */ = {isa = PBXFileReference; lastKnownFileType = sourcecode.c.objc; path = CellPhoneResolutionReader.m; sourceTree = "<group>"; };
		29223C5228A7FEA400D70FF8 /* CellPhoneOSVersionReader.h */ = {isa = PBXFileReference; lastKnownFileType = sourcecode.c.h; path = CellPhoneOSVersionReader.h; sourceTree = "<group>"; };
		29223C5328A7FEA400D70FF8 /* CellPhoneOSVersionReader.m */ = {isa = PBXFileReference; lastKnownFileType = sourcecode.c.objc; path = CellPhoneOSVersionReader.m; sourceTree = "<group>"; };
		29348F4A286C8709003F4B78 /* Laptop.h */ = {isa = PBXFileReference; lastKnownFileType = sourcecode.c.h; path = Laptop.h; sourceTree = "<group>"; };
		29348F4B286C8709003F4B78 /* Laptop.m */ = {isa = PBXFileReference; lastKnownFileType = sourcecode.c.objc; path = Laptop.m; sourceTree = "<group>"; };
		29348F4D286C871D003F4B78 /* LaptopBuilder.h */ = {isa = PBXFileReference; lastKnownFileType = sourcecode.c.h; path = LaptopBuilder.h; sourceTree = "<group>"; };
		29348F4E286C871D003F4B78 /* LaptopBuilder.m */ = {isa = PBXFileReference; lastKnownFileType = sourcecode.c.objc; path = LaptopBuilder.m; sourceTree = "<group>"; };
		2940C28F279DDA9C0010B621 /* Patterns */ = {isa = PBXFileReference; explicitFileType = "compiled.mach-o.executable"; includeInIndex = 0; path = Patterns; sourceTree = BUILT_PRODUCTS_DIR; };
		2940C292279DDA9C0010B621 /* main.m */ = {isa = PBXFileReference; lastKnownFileType = sourcecode.c.objc; path = main.m; sourceTree = "<group>"; };
		2940C29D279DDAB30010B621 /* FactoryMethod.xctest */ = {isa = PBXFileReference; explicitFileType = wrapper.cfbundle; includeInIndex = 0; path = FactoryMethod.xctest; sourceTree = BUILT_PRODUCTS_DIR; };
		2940C29F279DDAB30010B621 /* FactoryMethod.m */ = {isa = PBXFileReference; lastKnownFileType = sourcecode.c.objc; path = FactoryMethod.m; sourceTree = "<group>"; };
		2940C2A4279DE2D50010B621 /* SourceFactory.h */ = {isa = PBXFileReference; lastKnownFileType = sourcecode.c.h; path = SourceFactory.h; sourceTree = "<group>"; };
		2940C2A5279DE2D50010B621 /* SourceFactory.m */ = {isa = PBXFileReference; lastKnownFileType = sourcecode.c.objc; path = SourceFactory.m; sourceTree = "<group>"; };
		2940C2AD279DE4100010B621 /* DataSource.h */ = {isa = PBXFileReference; lastKnownFileType = sourcecode.c.h; path = DataSource.h; sourceTree = "<group>"; };
		2940C2AE279DE4100010B621 /* DataSource.m */ = {isa = PBXFileReference; lastKnownFileType = sourcecode.c.objc; path = DataSource.m; sourceTree = "<group>"; };
		2940C2B0279DE43E0010B621 /* NetworkDataSource.h */ = {isa = PBXFileReference; lastKnownFileType = sourcecode.c.h; path = NetworkDataSource.h; sourceTree = "<group>"; };
		2940C2B1279DE43E0010B621 /* NetworkDataSource.m */ = {isa = PBXFileReference; lastKnownFileType = sourcecode.c.objc; path = NetworkDataSource.m; sourceTree = "<group>"; };
		2940C2B3279DE47E0010B621 /* PersistentDataSource.h */ = {isa = PBXFileReference; lastKnownFileType = sourcecode.c.h; path = PersistentDataSource.h; sourceTree = "<group>"; };
		2940C2B4279DE47E0010B621 /* PersistentDataSource.m */ = {isa = PBXFileReference; lastKnownFileType = sourcecode.c.objc; path = PersistentDataSource.m; sourceTree = "<group>"; };
		2940C2B6279DE65D0010B621 /* CreateNetworkDataSource.h */ = {isa = PBXFileReference; lastKnownFileType = sourcecode.c.h; path = CreateNetworkDataSource.h; sourceTree = "<group>"; };
		2940C2B7279DE65D0010B621 /* CreateNetworkDataSource.m */ = {isa = PBXFileReference; lastKnownFileType = sourcecode.c.objc; path = CreateNetworkDataSource.m; sourceTree = "<group>"; };
		2940C2B9279DE6800010B621 /* CreateLocalDataSource.h */ = {isa = PBXFileReference; lastKnownFileType = sourcecode.c.h; path = CreateLocalDataSource.h; sourceTree = "<group>"; };
		2940C2BA279DE6800010B621 /* CreateLocalDataSource.m */ = {isa = PBXFileReference; lastKnownFileType = sourcecode.c.objc; path = CreateLocalDataSource.m; sourceTree = "<group>"; };
		2940C2BD279DEA7B0010B621 /* Repository.h */ = {isa = PBXFileReference; lastKnownFileType = sourcecode.c.h; path = Repository.h; sourceTree = "<group>"; };
		2940C2BE279DEA7B0010B621 /* Repository.m */ = {isa = PBXFileReference; lastKnownFileType = sourcecode.c.objc; path = Repository.m; sourceTree = "<group>"; };
		295177BA286438CE008BCDDA /* Singleton.xctest */ = {isa = PBXFileReference; explicitFileType = wrapper.cfbundle; includeInIndex = 0; path = Singleton.xctest; sourceTree = BUILT_PRODUCTS_DIR; };
		295177BC286438CE008BCDDA /* Singleton.m */ = {isa = PBXFileReference; lastKnownFileType = sourcecode.c.objc; path = Singleton.m; sourceTree = "<group>"; };
		295177C228644B86008BCDDA /* UserSetting.h */ = {isa = PBXFileReference; lastKnownFileType = sourcecode.c.h; path = UserSetting.h; sourceTree = "<group>"; };
		295177C328644B86008BCDDA /* UserSetting.m */ = {isa = PBXFileReference; lastKnownFileType = sourcecode.c.objc; path = UserSetting.m; sourceTree = "<group>"; };
		2966E3D128741A8700C073A4 /* RegularBuilder.xctest */ = {isa = PBXFileReference; explicitFileType = wrapper.cfbundle; includeInIndex = 0; path = RegularBuilder.xctest; sourceTree = BUILT_PRODUCTS_DIR; };
		2966E3D328741A8700C073A4 /* RegularBuilder.m */ = {isa = PBXFileReference; lastKnownFileType = sourcecode.c.objc; path = RegularBuilder.m; sourceTree = "<group>"; };
		2966E3DC28741E8000C073A4 /* TabletBuilder.h */ = {isa = PBXFileReference; lastKnownFileType = sourcecode.c.h; path = TabletBuilder.h; sourceTree = "<group>"; };
		2966E3DD28741E8000C073A4 /* TabletBuilder.m */ = {isa = PBXFileReference; lastKnownFileType = sourcecode.c.objc; path = TabletBuilder.m; sourceTree = "<group>"; };
		2966E3E028741E9600C073A4 /* Tablet.h */ = {isa = PBXFileReference; lastKnownFileType = sourcecode.c.h; path = Tablet.h; sourceTree = "<group>"; };
		2966E3E128741E9600C073A4 /* Tablet.m */ = {isa = PBXFileReference; lastKnownFileType = sourcecode.c.objc; path = Tablet.m; sourceTree = "<group>"; };
		2966E3E72874429E00C073A4 /* RegularBuilder.xctest */ = {isa = PBXFileReference; explicitFileType = wrapper.cfbundle; includeInIndex = 0; path = RegularBuilder.xctest; sourceTree = BUILT_PRODUCTS_DIR; };
		297A900D28B396B6007ED82C /* AdminUserHandler.h */ = {isa = PBXFileReference; lastKnownFileType = sourcecode.c.h; path = AdminUserHandler.h; sourceTree = "<group>"; };
		297A900E28B396B6007ED82C /* AdminUserHandler.m */ = {isa = PBXFileReference; lastKnownFileType = sourcecode.c.objc; path = AdminUserHandler.m; sourceTree = "<group>"; };
		297E329D28AE43FE0076BA9F /* ChainOfResponsibility.xctest */ = {isa = PBXFileReference; explicitFileType = wrapper.cfbundle; includeInIndex = 0; path = ChainOfResponsibility.xctest; sourceTree = BUILT_PRODUCTS_DIR; };
		297E329F28AE43FE0076BA9F /* ChainOfResponsibility.m */ = {isa = PBXFileReference; lastKnownFileType = sourcecode.c.objc; path = ChainOfResponsibility.m; sourceTree = "<group>"; };
		297E32A828AE4DA80076BA9F /* PermissionLevel.h */ = {isa = PBXFileReference; lastKnownFileType = sourcecode.c.h; path = PermissionLevel.h; sourceTree = "<group>"; };
		297E32AA28AE53AD0076BA9F /* Subscribed.h */ = {isa = PBXFileReference; lastKnownFileType = sourcecode.c.h; path = Subscribed.h; sourceTree = "<group>"; };
		297E32AB28AE53AD0076BA9F /* Subscribed.m */ = {isa = PBXFileReference; lastKnownFileType = sourcecode.c.objc; path = Subscribed.m; sourceTree = "<group>"; };
		297E32AD28AE54B30076BA9F /* Admin.h */ = {isa = PBXFileReference; lastKnownFileType = sourcecode.c.h; path = Admin.h; sourceTree = "<group>"; };
		297E32AE28AE54B30076BA9F /* Admin.m */ = {isa = PBXFileReference; lastKnownFileType = sourcecode.c.objc; path = Admin.m; sourceTree = "<group>"; };
		2996FC8A28734BBA00C2CB50 /* AbstractFactory.xctest */ = {isa = PBXFileReference; explicitFileType = wrapper.cfbundle; includeInIndex = 0; path = AbstractFactory.xctest; sourceTree = BUILT_PRODUCTS_DIR; };
		2996FC8C28734BBA00C2CB50 /* AbstractFactory.m */ = {isa = PBXFileReference; lastKnownFileType = sourcecode.c.objc; path = AbstractFactory.m; sourceTree = "<group>"; };
		2996FC932873617E00C2CB50 /* WashingMachine.h */ = {isa = PBXFileReference; lastKnownFileType = sourcecode.c.h; path = WashingMachine.h; sourceTree = "<group>"; };
		2996FC942873642F00C2CB50 /* VerticalLoadWashingMachine.h */ = {isa = PBXFileReference; lastKnownFileType = sourcecode.c.h; path = VerticalLoadWashingMachine.h; sourceTree = "<group>"; };
		2996FC952873642F00C2CB50 /* VerticalLoadWashingMachine.m */ = {isa = PBXFileReference; lastKnownFileType = sourcecode.c.objc; path = VerticalLoadWashingMachine.m; sourceTree = "<group>"; };
		2996FC972873654200C2CB50 /* FrontalLoadWashingMachine.h */ = {isa = PBXFileReference; lastKnownFileType = sourcecode.c.h; path = FrontalLoadWashingMachine.h; sourceTree = "<group>"; };
		2996FC982873654200C2CB50 /* FrontalLoadWashingMachine.m */ = {isa = PBXFileReference; lastKnownFileType = sourcecode.c.objc; path = FrontalLoadWashingMachine.m; sourceTree = "<group>"; };
		2996FC9B2873664900C2CB50 /* WashingMachineFactory.h */ = {isa = PBXFileReference; lastKnownFileType = sourcecode.c.h; path = WashingMachineFactory.h; sourceTree = "<group>"; };
		2996FCA02873766000C2CB50 /* VerticalWashingMachineFactory.h */ = {isa = PBXFileReference; lastKnownFileType = sourcecode.c.h; path = VerticalWashingMachineFactory.h; sourceTree = "<group>"; };
		2996FCA12873766000C2CB50 /* VerticalWashingMachineFactory.m */ = {isa = PBXFileReference; lastKnownFileType = sourcecode.c.objc; path = VerticalWashingMachineFactory.m; sourceTree = "<group>"; };
		2996FCA3287376B400C2CB50 /* FrontalWashingMachineFactory.h */ = {isa = PBXFileReference; lastKnownFileType = sourcecode.c.h; path = FrontalWashingMachineFactory.h; sourceTree = "<group>"; };
		2996FCA4287376B400C2CB50 /* FrontalWashingMachineFactory.m */ = {isa = PBXFileReference; lastKnownFileType = sourcecode.c.objc; path = FrontalWashingMachineFactory.m; sourceTree = "<group>"; };
		2996FCA728737C0800C2CB50 /* Warehouse.h */ = {isa = PBXFileReference; lastKnownFileType = sourcecode.c.h; path = Warehouse.h; sourceTree = "<group>"; };
		2996FCA828737C0800C2CB50 /* Warehouse.m */ = {isa = PBXFileReference; lastKnownFileType = sourcecode.c.objc; path = Warehouse.m; sourceTree = "<group>"; };
		29A6B60A286B214700091B3D /* CraneColor.h */ = {isa = PBXFileReference; lastKnownFileType = sourcecode.c.h; path = CraneColor.h; sourceTree = "<group>"; };
		29A6B60B286B217800091B3D /* FaucetMechanism.h */ = {isa = PBXFileReference; lastKnownFileType = sourcecode.c.h; path = FaucetMechanism.h; sourceTree = "<group>"; };
		29A6B610286B47BE00091B3D /* Builder.xctest */ = {isa = PBXFileReference; explicitFileType = wrapper.cfbundle; includeInIndex = 0; path = Builder.xctest; sourceTree = BUILT_PRODUCTS_DIR; };
		29A6B612286B47BE00091B3D /* Builder.m */ = {isa = PBXFileReference; lastKnownFileType = sourcecode.c.objc; path = Builder.m; sourceTree = "<group>"; };
		29CEE3B52893C35400913F20 /* Visitor.xctest */ = {isa = PBXFileReference; explicitFileType = wrapper.cfbundle; includeInIndex = 0; path = Visitor.xctest; sourceTree = BUILT_PRODUCTS_DIR; };
		29CEE3B72893C35400913F20 /* Visitor.m */ = {isa = PBXFileReference; lastKnownFileType = sourcecode.c.objc; path = Visitor.m; sourceTree = "<group>"; };
		29CEE3C32893C78100913F20 /* AndroidCellPhone.h */ = {isa = PBXFileReference; lastKnownFileType = sourcecode.c.h; path = AndroidCellPhone.h; sourceTree = "<group>"; };
		29CEE3C42893C78100913F20 /* AndroidCellPhone.m */ = {isa = PBXFileReference; lastKnownFileType = sourcecode.c.objc; path = AndroidCellPhone.m; sourceTree = "<group>"; };
		29CEE3C62893C79400913F20 /* iOSCellPhone.h */ = {isa = PBXFileReference; lastKnownFileType = sourcecode.c.h; path = iOSCellPhone.h; sourceTree = "<group>"; };
		29CEE3C72893C79400913F20 /* iOSCellPhone.m */ = {isa = PBXFileReference; lastKnownFileType = sourcecode.c.objc; path = iOSCellPhone.m; sourceTree = "<group>"; };
		29CEE3C92893C8D900913F20 /* CellPhone.h */ = {isa = PBXFileReference; lastKnownFileType = sourcecode.c.h; path = CellPhone.h; sourceTree = "<group>"; };
		29CEE3D22893CA6A00913F20 /* CharacteristicsVisitor.h */ = {isa = PBXFileReference; lastKnownFileType = sourcecode.c.h; path = CharacteristicsVisitor.h; sourceTree = "<group>"; };
		29E3612D286AEE3A00E64485 /* Prototype.xctest */ = {isa = PBXFileReference; explicitFileType = wrapper.cfbundle; includeInIndex = 0; path = Prototype.xctest; sourceTree = BUILT_PRODUCTS_DIR; };
		29E3612F286AEE3A00E64485 /* Prototype.m */ = {isa = PBXFileReference; lastKnownFileType = sourcecode.c.objc; path = Prototype.m; sourceTree = "<group>"; };
		29E36136286AF21000E64485 /* WaterTap.h */ = {isa = PBXFileReference; lastKnownFileType = sourcecode.c.h; path = WaterTap.h; sourceTree = "<group>"; };
		29E36137286AF21000E64485 /* WaterTap.m */ = {isa = PBXFileReference; lastKnownFileType = sourcecode.c.objc; path = WaterTap.m; sourceTree = "<group>"; };
		29E36139286B0C7C00E64485 /* PlumbingStore.h */ = {isa = PBXFileReference; lastKnownFileType = sourcecode.c.h; path = PlumbingStore.h; sourceTree = "<group>"; };
		29E3613A286B0C7C00E64485 /* PlumbingStore.m */ = {isa = PBXFileReference; lastKnownFileType = sourcecode.c.objc; path = PlumbingStore.m; sourceTree = "<group>"; };
		29E496122891174500357C9D /* Route.h */ = {isa = PBXFileReference; lastKnownFileType = sourcecode.c.h; path = Route.h; sourceTree = "<group>"; };
		29E496132891174500357C9D /* Route.m */ = {isa = PBXFileReference; lastKnownFileType = sourcecode.c.objc; path = Route.m; sourceTree = "<group>"; };
		29E4961528911A2200357C9D /* NavigationSubsystem.h */ = {isa = PBXFileReference; lastKnownFileType = sourcecode.c.h; path = NavigationSubsystem.h; sourceTree = "<group>"; };
		29E4961628911A2200357C9D /* NavigationSubsystem.m */ = {isa = PBXFileReference; lastKnownFileType = sourcecode.c.objc; path = NavigationSubsystem.m; sourceTree = "<group>"; };
		29E49619289122C500357C9D /* MapSDKFacade.h */ = {isa = PBXFileReference; lastKnownFileType = sourcecode.c.h; path = MapSDKFacade.h; sourceTree = "<group>"; };
		29E4961A289122C500357C9D /* MapSDKFacade.m */ = {isa = PBXFileReference; lastKnownFileType = sourcecode.c.objc; path = MapSDKFacade.m; sourceTree = "<group>"; };
		29E8F74928AE5DD9003AEE80 /* BasicUser.h */ = {isa = PBXFileReference; lastKnownFileType = sourcecode.c.h; path = BasicUser.h; sourceTree = "<group>"; };
		29E8F74C28AE5F78003AEE80 /* Unsubscribed.h */ = {isa = PBXFileReference; lastKnownFileType = sourcecode.c.h; path = Unsubscribed.h; sourceTree = "<group>"; };
		29E8F74D28AE5F78003AEE80 /* Unsubscribed.m */ = {isa = PBXFileReference; lastKnownFileType = sourcecode.c.objc; path = Unsubscribed.m; sourceTree = "<group>"; };
		29E8F74F28AF5F5A003AEE80 /* BaseAccessHandler.h */ = {isa = PBXFileReference; lastKnownFileType = sourcecode.c.h; path = BaseAccessHandler.h; sourceTree = "<group>"; };
		29E8F75028AF6388003AEE80 /* SubscribedUserHandler.h */ = {isa = PBXFileReference; lastKnownFileType = sourcecode.c.h; path = SubscribedUserHandler.h; sourceTree = "<group>"; };
		29E8F75128AF6388003AEE80 /* SubscribedUserHandler.m */ = {isa = PBXFileReference; lastKnownFileType = sourcecode.c.objc; path = SubscribedUserHandler.m; sourceTree = "<group>"; };
		29E8F75328AF63E4003AEE80 /* UnsubscribedUserHandler.h */ = {isa = PBXFileReference; lastKnownFileType = sourcecode.c.h; path = UnsubscribedUserHandler.h; sourceTree = "<group>"; };
		29E8F75428AF63E4003AEE80 /* UnsubscribedUserHandler.m */ = {isa = PBXFileReference; lastKnownFileType = sourcecode.c.objc; path = UnsubscribedUserHandler.m; sourceTree = "<group>"; };
		29EA91B1289003BD00B17834 /* Facade.xctest */ = {isa = PBXFileReference; explicitFileType = wrapper.cfbundle; includeInIndex = 0; path = Facade.xctest; sourceTree = BUILT_PRODUCTS_DIR; };
		29EA91B8289003C900B17834 /* Facade.m */ = {isa = PBXFileReference; fileEncoding = 4; lastKnownFileType = sourcecode.c.objc; path = Facade.m; sourceTree = "<group>"; };
/* End PBXFileReference section */

/* Begin PBXFrameworksBuildPhase section */
		2940C28C279DDA9C0010B621 /* Frameworks */ = {
			isa = PBXFrameworksBuildPhase;
			buildActionMask = 2147483647;
			files = (
			);
			runOnlyForDeploymentPostprocessing = 0;
		};
		2940C29A279DDAB30010B621 /* Frameworks */ = {
			isa = PBXFrameworksBuildPhase;
			buildActionMask = 2147483647;
			files = (
			);
			runOnlyForDeploymentPostprocessing = 0;
		};
		295177B7286438CE008BCDDA /* Frameworks */ = {
			isa = PBXFrameworksBuildPhase;
			buildActionMask = 2147483647;
			files = (
			);
			runOnlyForDeploymentPostprocessing = 0;
		};
		2966E3E42874429E00C073A4 /* Frameworks */ = {
			isa = PBXFrameworksBuildPhase;
			buildActionMask = 2147483647;
			files = (
			);
			runOnlyForDeploymentPostprocessing = 0;
		};
		297E329A28AE43FE0076BA9F /* Frameworks */ = {
			isa = PBXFrameworksBuildPhase;
			buildActionMask = 2147483647;
			files = (
			);
			runOnlyForDeploymentPostprocessing = 0;
		};
		2996FC8728734BBA00C2CB50 /* Frameworks */ = {
			isa = PBXFrameworksBuildPhase;
			buildActionMask = 2147483647;
			files = (
			);
			runOnlyForDeploymentPostprocessing = 0;
		};
		29A6B60D286B47BE00091B3D /* Frameworks */ = {
			isa = PBXFrameworksBuildPhase;
			buildActionMask = 2147483647;
			files = (
			);
			runOnlyForDeploymentPostprocessing = 0;
		};
		29CEE3B22893C35400913F20 /* Frameworks */ = {
			isa = PBXFrameworksBuildPhase;
			buildActionMask = 2147483647;
			files = (
			);
			runOnlyForDeploymentPostprocessing = 0;
		};
		29E3612A286AEE3A00E64485 /* Frameworks */ = {
			isa = PBXFrameworksBuildPhase;
			buildActionMask = 2147483647;
			files = (
			);
			runOnlyForDeploymentPostprocessing = 0;
		};
		29EA91AE289003BD00B17834 /* Frameworks */ = {
			isa = PBXFrameworksBuildPhase;
			buildActionMask = 2147483647;
			files = (
			);
			runOnlyForDeploymentPostprocessing = 0;
		};
/* End PBXFrameworksBuildPhase section */

/* Begin PBXGroup section */
		29348F47286C86C9003F4B78 /* LaptopBuilder */ = {
			isa = PBXGroup;
			children = (
				29348F4D286C871D003F4B78 /* LaptopBuilder.h */,
				29348F4E286C871D003F4B78 /* LaptopBuilder.m */,
			);
			path = LaptopBuilder;
			sourceTree = "<group>";
		};
		29348F49286C86F5003F4B78 /* Laptop */ = {
			isa = PBXGroup;
			children = (
				29348F4A286C8709003F4B78 /* Laptop.h */,
				29348F4B286C8709003F4B78 /* Laptop.m */,
			);
			path = Laptop;
			sourceTree = "<group>";
		};
		2940C286279DDA9C0010B621 = {
			isa = PBXGroup;
			children = (
				2940C291279DDA9C0010B621 /* Patterns */,
				2940C29E279DDAB30010B621 /* FactoryMethod */,
				295177BB286438CE008BCDDA /* Singleton */,
				29E3612E286AEE3A00E64485 /* Prototype */,
				29A6B611286B47BE00091B3D /* Builder */,
				2966E3E82874429E00C073A4 /* RegularBuilder */,
				29EA91B2289003BD00B17834 /* Facade */,
				2996FC8B28734BBA00C2CB50 /* AbstractFactory */,
				29CEE3B62893C35400913F20 /* Visitor */,
				297E329E28AE43FE0076BA9F /* ChainOfResponsibility */,
				2940C290279DDA9C0010B621 /* Products */,
			);
			sourceTree = "<group>";
		};
		2940C290279DDA9C0010B621 /* Products */ = {
			isa = PBXGroup;
			children = (
				2940C28F279DDA9C0010B621 /* Patterns */,
				2940C29D279DDAB30010B621 /* FactoryMethod.xctest */,
				295177BA286438CE008BCDDA /* Singleton.xctest */,
				29E3612D286AEE3A00E64485 /* Prototype.xctest */,
				2996FC8A28734BBA00C2CB50 /* AbstractFactory.xctest */,
				29A6B610286B47BE00091B3D /* Builder.xctest */,
				2966E3D128741A8700C073A4 /* RegularBuilder.xctest */,
				2966E3E72874429E00C073A4 /* RegularBuilder.xctest */,
				29EA91B1289003BD00B17834 /* Facade.xctest */,
				29CEE3B52893C35400913F20 /* Visitor.xctest */,
				297E329D28AE43FE0076BA9F /* ChainOfResponsibility.xctest */,
			);
			name = Products;
			sourceTree = "<group>";
		};
		2940C291279DDA9C0010B621 /* Patterns */ = {
			isa = PBXGroup;
			children = (
				2940C292279DDA9C0010B621 /* main.m */,
			);
			path = Patterns;
			sourceTree = "<group>";
		};
		2940C29E279DDAB30010B621 /* FactoryMethod */ = {
			isa = PBXGroup;
			children = (
				2940C2BC279DEA670010B621 /* Repository */,
				2940C2A7279DE2EF0010B621 /* SourceFactory */,
				2940C2A8279DE3040010B621 /* DataSource */,
				2940C29F279DDAB30010B621 /* FactoryMethod.m */,
			);
			path = FactoryMethod;
			sourceTree = "<group>";
		};
		2940C2A7279DE2EF0010B621 /* SourceFactory */ = {
			isa = PBXGroup;
			children = (
				2940C2AC279DE3620010B621 /* CreateNetwork */,
				2940C2AB279DE3560010B621 /* CreatePersistent */,
				2940C2A4279DE2D50010B621 /* SourceFactory.h */,
				2940C2A5279DE2D50010B621 /* SourceFactory.m */,
			);
			path = SourceFactory;
			sourceTree = "<group>";
		};
		2940C2A8279DE3040010B621 /* DataSource */ = {
			isa = PBXGroup;
			children = (
				2940C2AA279DE34A0010B621 /* Persistent */,
				2940C2A9279DE3410010B621 /* Network */,
				2940C2AD279DE4100010B621 /* DataSource.h */,
				2940C2AE279DE4100010B621 /* DataSource.m */,
			);
			path = DataSource;
			sourceTree = "<group>";
		};
		2940C2A9279DE3410010B621 /* Network */ = {
			isa = PBXGroup;
			children = (
				2940C2B0279DE43E0010B621 /* NetworkDataSource.h */,
				2940C2B1279DE43E0010B621 /* NetworkDataSource.m */,
			);
			path = Network;
			sourceTree = "<group>";
		};
		2940C2AA279DE34A0010B621 /* Persistent */ = {
			isa = PBXGroup;
			children = (
				2940C2B3279DE47E0010B621 /* PersistentDataSource.h */,
				2940C2B4279DE47E0010B621 /* PersistentDataSource.m */,
			);
			path = Persistent;
			sourceTree = "<group>";
		};
		2940C2AB279DE3560010B621 /* CreatePersistent */ = {
			isa = PBXGroup;
			children = (
				2940C2B9279DE6800010B621 /* CreateLocalDataSource.h */,
				2940C2BA279DE6800010B621 /* CreateLocalDataSource.m */,
			);
			path = CreatePersistent;
			sourceTree = "<group>";
		};
		2940C2AC279DE3620010B621 /* CreateNetwork */ = {
			isa = PBXGroup;
			children = (
				2940C2B6279DE65D0010B621 /* CreateNetworkDataSource.h */,
				2940C2B7279DE65D0010B621 /* CreateNetworkDataSource.m */,
			);
			path = CreateNetwork;
			sourceTree = "<group>";
		};
		2940C2BC279DEA670010B621 /* Repository */ = {
			isa = PBXGroup;
			children = (
				2940C2BD279DEA7B0010B621 /* Repository.h */,
				2940C2BE279DEA7B0010B621 /* Repository.m */,
			);
			path = Repository;
			sourceTree = "<group>";
		};
		295177BB286438CE008BCDDA /* Singleton */ = {
			isa = PBXGroup;
			children = (
				295177C128644B5B008BCDDA /* UserSetting */,
				295177BC286438CE008BCDDA /* Singleton.m */,
			);
			path = Singleton;
			sourceTree = "<group>";
		};
		295177C128644B5B008BCDDA /* UserSetting */ = {
			isa = PBXGroup;
			children = (
				295177C228644B86008BCDDA /* UserSetting.h */,
				295177C328644B86008BCDDA /* UserSetting.m */,
			);
			path = UserSetting;
			sourceTree = "<group>";
		};
		2966E3D828741B9300C073A4 /* TabletBuilder */ = {
			isa = PBXGroup;
			children = (
				2966E3DC28741E8000C073A4 /* TabletBuilder.h */,
				2966E3DD28741E8000C073A4 /* TabletBuilder.m */,
			);
			path = TabletBuilder;
			sourceTree = "<group>";
		};
		2966E3DF28741E8400C073A4 /* Tablet */ = {
			isa = PBXGroup;
			children = (
				2966E3E028741E9600C073A4 /* Tablet.h */,
				2966E3E128741E9600C073A4 /* Tablet.m */,
			);
			path = Tablet;
			sourceTree = "<group>";
		};
		2966E3E82874429E00C073A4 /* RegularBuilder */ = {
			isa = PBXGroup;
			children = (
				2966E3DF28741E8400C073A4 /* Tablet */,
				2966E3D828741B9300C073A4 /* TabletBuilder */,
				2966E3D328741A8700C073A4 /* RegularBuilder.m */,
			);
			path = RegularBuilder;
			sourceTree = "<group>";
		};
		297E329E28AE43FE0076BA9F /* ChainOfResponsibility */ = {
			isa = PBXGroup;
			children = (
				297E32B128AE56620076BA9F /* AccessHandler */,
				297E32A428AE4C1E0076BA9F /* UsersAndPermission */,
				297E329F28AE43FE0076BA9F /* ChainOfResponsibility.m */,
			);
			path = ChainOfResponsibility;
			sourceTree = "<group>";
		};
		297E32A428AE4C1E0076BA9F /* UsersAndPermission */ = {
			isa = PBXGroup;
			children = (
				297E32A828AE4DA80076BA9F /* PermissionLevel.h */,
				29E8F74C28AE5F78003AEE80 /* Unsubscribed.h */,
				29E8F74D28AE5F78003AEE80 /* Unsubscribed.m */,
				297E32AA28AE53AD0076BA9F /* Subscribed.h */,
				297E32AB28AE53AD0076BA9F /* Subscribed.m */,
				297E32AD28AE54B30076BA9F /* Admin.h */,
				297E32AE28AE54B30076BA9F /* Admin.m */,
				29E8F74928AE5DD9003AEE80 /* BasicUser.h */,
			);
			path = UsersAndPermission;
			sourceTree = "<group>";
		};
		297E32B128AE56620076BA9F /* AccessHandler */ = {
			isa = PBXGroup;
			children = (
				29E8F74F28AF5F5A003AEE80 /* BaseAccessHandler.h */,
				29E8F75028AF6388003AEE80 /* SubscribedUserHandler.h */,
				29E8F75128AF6388003AEE80 /* SubscribedUserHandler.m */,
				29E8F75328AF63E4003AEE80 /* UnsubscribedUserHandler.h */,
				29E8F75428AF63E4003AEE80 /* UnsubscribedUserHandler.m */,
				297A900D28B396B6007ED82C /* AdminUserHandler.h */,
				297A900E28B396B6007ED82C /* AdminUserHandler.m */,
			);
			path = AccessHandler;
			sourceTree = "<group>";
		};
		2996FC8B28734BBA00C2CB50 /* AbstractFactory */ = {
			isa = PBXGroup;
			children = (
				2996FCA628737BBE00C2CB50 /* Warehouse */,
				2996FC92287357B600C2CB50 /* Factory */,
				2996FC912873550B00C2CB50 /* Products */,
				2996FC8C28734BBA00C2CB50 /* AbstractFactory.m */,
			);
			path = AbstractFactory;
			sourceTree = "<group>";
		};
		2996FC912873550B00C2CB50 /* Products */ = {
			isa = PBXGroup;
			children = (
				2996FC9A2873655600C2CB50 /* Specific Products */,
				2996FC932873617E00C2CB50 /* WashingMachine.h */,
			);
			path = Products;
			sourceTree = "<group>";
		};
		2996FC92287357B600C2CB50 /* Factory */ = {
			isa = PBXGroup;
			children = (
				2996FC9C287375CD00C2CB50 /* Specific Factory */,
				2996FC9B2873664900C2CB50 /* WashingMachineFactory.h */,
			);
			path = Factory;
			sourceTree = "<group>";
		};
		2996FC9A2873655600C2CB50 /* Specific Products */ = {
			isa = PBXGroup;
			children = (
				2996FC972873654200C2CB50 /* FrontalLoadWashingMachine.h */,
				2996FC982873654200C2CB50 /* FrontalLoadWashingMachine.m */,
				2996FC942873642F00C2CB50 /* VerticalLoadWashingMachine.h */,
				2996FC952873642F00C2CB50 /* VerticalLoadWashingMachine.m */,
			);
			path = "Specific Products";
			sourceTree = "<group>";
		};
		2996FC9C287375CD00C2CB50 /* Specific Factory */ = {
			isa = PBXGroup;
			children = (
				2996FCA02873766000C2CB50 /* VerticalWashingMachineFactory.h */,
				2996FCA12873766000C2CB50 /* VerticalWashingMachineFactory.m */,
				2996FCA3287376B400C2CB50 /* FrontalWashingMachineFactory.h */,
				2996FCA4287376B400C2CB50 /* FrontalWashingMachineFactory.m */,
			);
			path = "Specific Factory";
			sourceTree = "<group>";
		};
		2996FCA628737BBE00C2CB50 /* Warehouse */ = {
			isa = PBXGroup;
			children = (
				2996FCA728737C0800C2CB50 /* Warehouse.h */,
				2996FCA828737C0800C2CB50 /* Warehouse.m */,
			);
			path = Warehouse;
			sourceTree = "<group>";
		};
		29A6B611286B47BE00091B3D /* Builder */ = {
			isa = PBXGroup;
			children = (
				29348F49286C86F5003F4B78 /* Laptop */,
				29348F47286C86C9003F4B78 /* LaptopBuilder */,
				29A6B612286B47BE00091B3D /* Builder.m */,
			);
			path = Builder;
			sourceTree = "<group>";
		};
		29CEE3B62893C35400913F20 /* Visitor */ = {
			isa = PBXGroup;
			children = (
				29CEE3CA2893C94D00913F20 /* CharacteristicsVisitors */,
				29CEE3BC2893C73200913F20 /* Products */,
				29CEE3B72893C35400913F20 /* Visitor.m */,
			);
			path = Visitor;
			sourceTree = "<group>";
		};
		29CEE3BC2893C73200913F20 /* Products */ = {
			isa = PBXGroup;
			children = (
				29CEE3C32893C78100913F20 /* AndroidCellPhone.h */,
				29CEE3C42893C78100913F20 /* AndroidCellPhone.m */,
				29CEE3C62893C79400913F20 /* iOSCellPhone.h */,
				29CEE3C72893C79400913F20 /* iOSCellPhone.m */,
				29CEE3C92893C8D900913F20 /* CellPhone.h */,
			);
			path = Products;
			sourceTree = "<group>";
		};
		29CEE3CA2893C94D00913F20 /* CharacteristicsVisitors */ = {
			isa = PBXGroup;
			children = (
				29CEE3D22893CA6A00913F20 /* CharacteristicsVisitor.h */,
				29223C5228A7FEA400D70FF8 /* CellPhoneOSVersionReader.h */,
				29223C5328A7FEA400D70FF8 /* CellPhoneOSVersionReader.m */,
				29223C4F28A4FD5200D70FF8 /* CellPhoneResolutionReader.h */,
				29223C5028A4FD5200D70FF8 /* CellPhoneResolutionReader.m */,
			);
			path = CharacteristicsVisitors;
			sourceTree = "<group>";
		};
		29E3612E286AEE3A00E64485 /* Prototype */ = {
			isa = PBXGroup;
			children = (
				29E36135286AF10F00E64485 /* PlumbingStore */,
				29E36134286AEE5400E64485 /* PlumbingModels */,
				29E3612F286AEE3A00E64485 /* Prototype.m */,
			);
			path = Prototype;
			sourceTree = "<group>";
		};
		29E36134286AEE5400E64485 /* PlumbingModels */ = {
			isa = PBXGroup;
			children = (
				29E36136286AF21000E64485 /* WaterTap.h */,
				29E36137286AF21000E64485 /* WaterTap.m */,
				29A6B60A286B214700091B3D /* CraneColor.h */,
				29A6B60B286B217800091B3D /* FaucetMechanism.h */,
			);
			path = PlumbingModels;
			sourceTree = "<group>";
		};
		29E36135286AF10F00E64485 /* PlumbingStore */ = {
			isa = PBXGroup;
			children = (
				29E36139286B0C7C00E64485 /* PlumbingStore.h */,
				29E3613A286B0C7C00E64485 /* PlumbingStore.m */,
			);
			path = PlumbingStore;
			sourceTree = "<group>";
		};
		29E49610289116B800357C9D /* NavigationSubsystem */ = {
			isa = PBXGroup;
			children = (
				29E4961528911A2200357C9D /* NavigationSubsystem.h */,
				29E4961628911A2200357C9D /* NavigationSubsystem.m */,
			);
			path = NavigationSubsystem;
			sourceTree = "<group>";
		};
		29E49611289116CE00357C9D /* Route */ = {
			isa = PBXGroup;
			children = (
				29E496122891174500357C9D /* Route.h */,
				29E496132891174500357C9D /* Route.m */,
			);
			path = Route;
			sourceTree = "<group>";
		};
		29E49618289122B100357C9D /* MapSDK */ = {
			isa = PBXGroup;
			children = (
				29E49619289122C500357C9D /* MapSDKFacade.h */,
				29E4961A289122C500357C9D /* MapSDKFacade.m */,
			);
			path = MapSDK;
			sourceTree = "<group>";
		};
		29EA91B2289003BD00B17834 /* Facade */ = {
			isa = PBXGroup;
			children = (
				29E49618289122B100357C9D /* MapSDK */,
				29E49611289116CE00357C9D /* Route */,
				29E49610289116B800357C9D /* NavigationSubsystem */,
				29EA91B8289003C900B17834 /* Facade.m */,
			);
			path = Facade;
			sourceTree = "<group>";
		};
/* End PBXGroup section */

/* Begin PBXNativeTarget section */
		2940C28E279DDA9C0010B621 /* Patterns */ = {
			isa = PBXNativeTarget;
			buildConfigurationList = 2940C296279DDA9C0010B621 /* Build configuration list for PBXNativeTarget "Patterns" */;
			buildPhases = (
				2940C28B279DDA9C0010B621 /* Sources */,
				2940C28C279DDA9C0010B621 /* Frameworks */,
				2940C28D279DDA9C0010B621 /* CopyFiles */,
			);
			buildRules = (
			);
			dependencies = (
			);
			name = Patterns;
			productName = Patterns;
			productReference = 2940C28F279DDA9C0010B621 /* Patterns */;
			productType = "com.apple.product-type.tool";
		};
		2940C29C279DDAB30010B621 /* FactoryMethod */ = {
			isa = PBXNativeTarget;
			buildConfigurationList = 2940C2A1279DDAB30010B621 /* Build configuration list for PBXNativeTarget "FactoryMethod" */;
			buildPhases = (
				2940C299279DDAB30010B621 /* Sources */,
				2940C29A279DDAB30010B621 /* Frameworks */,
				2940C29B279DDAB30010B621 /* Resources */,
			);
			buildRules = (
			);
			dependencies = (
			);
			name = FactoryMethod;
			productName = FactoryMethod;
			productReference = 2940C29D279DDAB30010B621 /* FactoryMethod.xctest */;
			productType = "com.apple.product-type.bundle.unit-test";
		};
		295177B9286438CE008BCDDA /* Singleton */ = {
			isa = PBXNativeTarget;
			buildConfigurationList = 295177C0286438CE008BCDDA /* Build configuration list for PBXNativeTarget "Singleton" */;
			buildPhases = (
				295177B6286438CE008BCDDA /* Sources */,
				295177B7286438CE008BCDDA /* Frameworks */,
				295177B8286438CE008BCDDA /* Resources */,
			);
			buildRules = (
			);
			dependencies = (
			);
			name = Singleton;
			productName = Singleton;
			productReference = 295177BA286438CE008BCDDA /* Singleton.xctest */;
			productType = "com.apple.product-type.bundle.unit-test";
		};
		2966E3E62874429E00C073A4 /* RegularBuilder */ = {
			isa = PBXNativeTarget;
			buildConfigurationList = 2966E3ED2874429E00C073A4 /* Build configuration list for PBXNativeTarget "RegularBuilder" */;
			buildPhases = (
				2966E3E32874429E00C073A4 /* Sources */,
				2966E3E42874429E00C073A4 /* Frameworks */,
				2966E3E52874429E00C073A4 /* Resources */,
			);
			buildRules = (
			);
			dependencies = (
			);
			name = RegularBuilder;
			productName = RegularBuilder;
			productReference = 2966E3E72874429E00C073A4 /* RegularBuilder.xctest */;
			productType = "com.apple.product-type.bundle.unit-test";
		};
		297E329C28AE43FE0076BA9F /* ChainOfResponsibility */ = {
			isa = PBXNativeTarget;
			buildConfigurationList = 297E32A328AE43FE0076BA9F /* Build configuration list for PBXNativeTarget "ChainOfResponsibility" */;
			buildPhases = (
				297E329928AE43FE0076BA9F /* Sources */,
				297E329A28AE43FE0076BA9F /* Frameworks */,
				297E329B28AE43FE0076BA9F /* Resources */,
			);
			buildRules = (
			);
			dependencies = (
			);
			name = ChainOfResponsibility;
			productName = ChainOfResponsibility;
			productReference = 297E329D28AE43FE0076BA9F /* ChainOfResponsibility.xctest */;
			productType = "com.apple.product-type.bundle.unit-test";
		};
		2996FC8928734BBA00C2CB50 /* AbstractFactory */ = {
			isa = PBXNativeTarget;
			buildConfigurationList = 2996FC9028734BBA00C2CB50 /* Build configuration list for PBXNativeTarget "AbstractFactory" */;
			buildPhases = (
				2996FC8628734BBA00C2CB50 /* Sources */,
				2996FC8728734BBA00C2CB50 /* Frameworks */,
				2996FC8828734BBA00C2CB50 /* Resources */,
			);
			buildRules = (
			);
			dependencies = (
			);
			name = AbstractFactory;
			productName = AbstractFactory;
			productReference = 2996FC8A28734BBA00C2CB50 /* AbstractFactory.xctest */;
			productType = "com.apple.product-type.bundle.unit-test";
		};
		29A6B60F286B47BE00091B3D /* Builder */ = {
			isa = PBXNativeTarget;
			buildConfigurationList = 29A6B616286B47BE00091B3D /* Build configuration list for PBXNativeTarget "Builder" */;
			buildPhases = (
				29A6B60C286B47BE00091B3D /* Sources */,
				29A6B60D286B47BE00091B3D /* Frameworks */,
				29A6B60E286B47BE00091B3D /* Resources */,
			);
			buildRules = (
			);
			dependencies = (
			);
			name = Builder;
			productName = Builder;
			productReference = 29A6B610286B47BE00091B3D /* Builder.xctest */;
			productType = "com.apple.product-type.bundle.unit-test";
		};
		29CEE3B42893C35400913F20 /* Visitor */ = {
			isa = PBXNativeTarget;
			buildConfigurationList = 29CEE3BB2893C35400913F20 /* Build configuration list for PBXNativeTarget "Visitor" */;
			buildPhases = (
				29CEE3B12893C35400913F20 /* Sources */,
				29CEE3B22893C35400913F20 /* Frameworks */,
				29CEE3B32893C35400913F20 /* Resources */,
			);
			buildRules = (
			);
			dependencies = (
			);
			name = Visitor;
			productName = Visitor;
			productReference = 29CEE3B52893C35400913F20 /* Visitor.xctest */;
			productType = "com.apple.product-type.bundle.unit-test";
		};
		29E3612C286AEE3A00E64485 /* Prototype */ = {
			isa = PBXNativeTarget;
			buildConfigurationList = 29E36133286AEE3A00E64485 /* Build configuration list for PBXNativeTarget "Prototype" */;
			buildPhases = (
				29E36129286AEE3A00E64485 /* Sources */,
				29E3612A286AEE3A00E64485 /* Frameworks */,
				29E3612B286AEE3A00E64485 /* Resources */,
			);
			buildRules = (
			);
			dependencies = (
			);
			name = Prototype;
			productName = Prototype;
			productReference = 29E3612D286AEE3A00E64485 /* Prototype.xctest */;
			productType = "com.apple.product-type.bundle.unit-test";
		};
		29EA91B0289003BD00B17834 /* Facade */ = {
			isa = PBXNativeTarget;
			buildConfigurationList = 29EA91B5289003BD00B17834 /* Build configuration list for PBXNativeTarget "Facade" */;
			buildPhases = (
				29EA91AD289003BD00B17834 /* Sources */,
				29EA91AE289003BD00B17834 /* Frameworks */,
				29EA91AF289003BD00B17834 /* Resources */,
			);
			buildRules = (
			);
			dependencies = (
			);
			name = Facade;
			productName = Facade;
			productReference = 29EA91B1289003BD00B17834 /* Facade.xctest */;
			productType = "com.apple.product-type.bundle.unit-test";
		};
/* End PBXNativeTarget section */

/* Begin PBXProject section */
		2940C287279DDA9C0010B621 /* Project object */ = {
			isa = PBXProject;
			attributes = {
				BuildIndependentTargetsInParallel = 1;
				LastSwiftUpdateCheck = 1340;
				LastUpgradeCheck = 1340;
				TargetAttributes = {
					2940C28E279DDA9C0010B621 = {
						CreatedOnToolsVersion = 13.2;
					};
					2940C29C279DDAB30010B621 = {
						CreatedOnToolsVersion = 13.2;
					};
					295177B9286438CE008BCDDA = {
						CreatedOnToolsVersion = 13.4.1;
					};
					2966E3E62874429E00C073A4 = {
						CreatedOnToolsVersion = 13.4.1;
					};
					297E329C28AE43FE0076BA9F = {
						CreatedOnToolsVersion = 13.4.1;
					};
					2996FC8928734BBA00C2CB50 = {
						CreatedOnToolsVersion = 13.4.1;
					};
					29A6B60F286B47BE00091B3D = {
						CreatedOnToolsVersion = 13.4.1;
					};
					29CEE3B42893C35400913F20 = {
						CreatedOnToolsVersion = 13.4.1;
					};
					29E3612C286AEE3A00E64485 = {
						CreatedOnToolsVersion = 13.4.1;
					};
					29EA91B0289003BD00B17834 = {
						CreatedOnToolsVersion = 13.4.1;
					};
				};
			};
			buildConfigurationList = 2940C28A279DDA9C0010B621 /* Build configuration list for PBXProject "Patterns" */;
			compatibilityVersion = "Xcode 13.0";
			developmentRegion = en;
			hasScannedForEncodings = 0;
			knownRegions = (
				en,
				Base,
			);
			mainGroup = 2940C286279DDA9C0010B621;
			productRefGroup = 2940C290279DDA9C0010B621 /* Products */;
			projectDirPath = "";
			projectRoot = "";
			targets = (
				2940C28E279DDA9C0010B621 /* Patterns */,
				2940C29C279DDAB30010B621 /* FactoryMethod */,
				295177B9286438CE008BCDDA /* Singleton */,
				29E3612C286AEE3A00E64485 /* Prototype */,
				2996FC8928734BBA00C2CB50 /* AbstractFactory */,
				29A6B60F286B47BE00091B3D /* Builder */,
				2966E3E62874429E00C073A4 /* RegularBuilder */,
				29EA91B0289003BD00B17834 /* Facade */,
				29CEE3B42893C35400913F20 /* Visitor */,
				297E329C28AE43FE0076BA9F /* ChainOfResponsibility */,
			);
		};
/* End PBXProject section */

/* Begin PBXResourcesBuildPhase section */
		2940C29B279DDAB30010B621 /* Resources */ = {
			isa = PBXResourcesBuildPhase;
			buildActionMask = 2147483647;
			files = (
			);
			runOnlyForDeploymentPostprocessing = 0;
		};
		295177B8286438CE008BCDDA /* Resources */ = {
			isa = PBXResourcesBuildPhase;
			buildActionMask = 2147483647;
			files = (
			);
			runOnlyForDeploymentPostprocessing = 0;
		};
		2966E3E52874429E00C073A4 /* Resources */ = {
			isa = PBXResourcesBuildPhase;
			buildActionMask = 2147483647;
			files = (
			);
			runOnlyForDeploymentPostprocessing = 0;
		};
		297E329B28AE43FE0076BA9F /* Resources */ = {
			isa = PBXResourcesBuildPhase;
			buildActionMask = 2147483647;
			files = (
			);
			runOnlyForDeploymentPostprocessing = 0;
		};
		2996FC8828734BBA00C2CB50 /* Resources */ = {
			isa = PBXResourcesBuildPhase;
			buildActionMask = 2147483647;
			files = (
			);
			runOnlyForDeploymentPostprocessing = 0;
		};
		29A6B60E286B47BE00091B3D /* Resources */ = {
			isa = PBXResourcesBuildPhase;
			buildActionMask = 2147483647;
			files = (
			);
			runOnlyForDeploymentPostprocessing = 0;
		};
		29CEE3B32893C35400913F20 /* Resources */ = {
			isa = PBXResourcesBuildPhase;
			buildActionMask = 2147483647;
			files = (
			);
			runOnlyForDeploymentPostprocessing = 0;
		};
		29E3612B286AEE3A00E64485 /* Resources */ = {
			isa = PBXResourcesBuildPhase;
			buildActionMask = 2147483647;
			files = (
			);
			runOnlyForDeploymentPostprocessing = 0;
		};
		29EA91AF289003BD00B17834 /* Resources */ = {
			isa = PBXResourcesBuildPhase;
			buildActionMask = 2147483647;
			files = (
			);
			runOnlyForDeploymentPostprocessing = 0;
		};
/* End PBXResourcesBuildPhase section */

/* Begin PBXSourcesBuildPhase section */
		2940C28B279DDA9C0010B621 /* Sources */ = {
			isa = PBXSourcesBuildPhase;
			buildActionMask = 2147483647;
			files = (
				2940C293279DDA9C0010B621 /* main.m in Sources */,
			);
			runOnlyForDeploymentPostprocessing = 0;
		};
		2940C299279DDAB30010B621 /* Sources */ = {
			isa = PBXSourcesBuildPhase;
			buildActionMask = 2147483647;
			files = (
				2940C2A0279DDAB30010B621 /* FactoryMethod.m in Sources */,
				2940C2A6279DE2D50010B621 /* SourceFactory.m in Sources */,
				2940C2B2279DE43E0010B621 /* NetworkDataSource.m in Sources */,
				2940C2B5279DE47E0010B621 /* PersistentDataSource.m in Sources */,
				2940C2BB279DE6800010B621 /* CreateLocalDataSource.m in Sources */,
				2940C2AF279DE4100010B621 /* DataSource.m in Sources */,
				2940C2B8279DE65D0010B621 /* CreateNetworkDataSource.m in Sources */,
				2940C2BF279DEA7B0010B621 /* Repository.m in Sources */,
			);
			runOnlyForDeploymentPostprocessing = 0;
		};
		295177B6286438CE008BCDDA /* Sources */ = {
			isa = PBXSourcesBuildPhase;
			buildActionMask = 2147483647;
			files = (
				295177BD286438CE008BCDDA /* Singleton.m in Sources */,
				295177C428644B86008BCDDA /* UserSetting.m in Sources */,
			);
			runOnlyForDeploymentPostprocessing = 0;
		};
		2966E3E32874429E00C073A4 /* Sources */ = {
			isa = PBXSourcesBuildPhase;
			buildActionMask = 2147483647;
			files = (
				291AD1422874438700AF284F /* TabletBuilder.m in Sources */,
				2966E3EE287442A600C073A4 /* RegularBuilder.m in Sources */,
				291AD1412874438400AF284F /* Tablet.m in Sources */,
			);
			runOnlyForDeploymentPostprocessing = 0;
		};
		297E329928AE43FE0076BA9F /* Sources */ = {
			isa = PBXSourcesBuildPhase;
			buildActionMask = 2147483647;
			files = (
				297E32AC28AE53AD0076BA9F /* Subscribed.m in Sources */,
				297E32A028AE43FE0076BA9F /* ChainOfResponsibility.m in Sources */,
				29E8F75528AF63E4003AEE80 /* UnsubscribedUserHandler.m in Sources */,
				29E8F74E28AE5F78003AEE80 /* Unsubscribed.m in Sources */,
				297A900F28B396B6007ED82C /* AdminUserHandler.m in Sources */,
				297E32AF28AE54B30076BA9F /* Admin.m in Sources */,
				29E8F75228AF6388003AEE80 /* SubscribedUserHandler.m in Sources */,
			);
			runOnlyForDeploymentPostprocessing = 0;
		};
		2996FC8628734BBA00C2CB50 /* Sources */ = {
			isa = PBXSourcesBuildPhase;
			buildActionMask = 2147483647;
			files = (
				2996FC992873654200C2CB50 /* FrontalLoadWashingMachine.m in Sources */,
				2996FC8D28734BBA00C2CB50 /* AbstractFactory.m in Sources */,
				2996FCA5287376B400C2CB50 /* FrontalWashingMachineFactory.m in Sources */,
				2996FCA928737C0800C2CB50 /* Warehouse.m in Sources */,
				2996FCA22873766000C2CB50 /* VerticalWashingMachineFactory.m in Sources */,
				2996FC962873642F00C2CB50 /* VerticalLoadWashingMachine.m in Sources */,
			);
			runOnlyForDeploymentPostprocessing = 0;
		};
		29A6B60C286B47BE00091B3D /* Sources */ = {
			isa = PBXSourcesBuildPhase;
			buildActionMask = 2147483647;
			files = (
				29348F4F286C871D003F4B78 /* LaptopBuilder.m in Sources */,
				29A6B613286B47BE00091B3D /* Builder.m in Sources */,
				29348F4C286C8709003F4B78 /* Laptop.m in Sources */,
			);
			runOnlyForDeploymentPostprocessing = 0;
		};
		29CEE3B12893C35400913F20 /* Sources */ = {
			isa = PBXSourcesBuildPhase;
			buildActionMask = 2147483647;
			files = (
				29CEE3C52893C78100913F20 /* AndroidCellPhone.m in Sources */,
				29CEE3C82893C79400913F20 /* iOSCellPhone.m in Sources */,
				29CEE3B82893C35400913F20 /* Visitor.m in Sources */,
				29223C5128A4FD5200D70FF8 /* CellPhoneResolutionReader.m in Sources */,
				29223C5428A7FEA400D70FF8 /* CellPhoneOSVersionReader.m in Sources */,
			);
			runOnlyForDeploymentPostprocessing = 0;
		};
		29E36129286AEE3A00E64485 /* Sources */ = {
			isa = PBXSourcesBuildPhase;
			buildActionMask = 2147483647;
			files = (
				29E36130286AEE3A00E64485 /* Prototype.m in Sources */,
				29E36138286AF21000E64485 /* WaterTap.m in Sources */,
				29E3613B286B0C7C00E64485 /* PlumbingStore.m in Sources */,
			);
			runOnlyForDeploymentPostprocessing = 0;
		};
		29EA91AD289003BD00B17834 /* Sources */ = {
			isa = PBXSourcesBuildPhase;
			buildActionMask = 2147483647;
			files = (
				29EA91B9289003C900B17834 /* Facade.m in Sources */,
				29E496142891174500357C9D /* Route.m in Sources */,
				29E4961728911A2200357C9D /* NavigationSubsystem.m in Sources */,
				29E4961B289122C500357C9D /* MapSDKFacade.m in Sources */,
			);
			runOnlyForDeploymentPostprocessing = 0;
		};
/* End PBXSourcesBuildPhase section */

/* Begin XCBuildConfiguration section */
		2940C294279DDA9C0010B621 /* Debug */ = {
			isa = XCBuildConfiguration;
			buildSettings = {
				ALWAYS_SEARCH_USER_PATHS = NO;
				CLANG_ANALYZER_NONNULL = YES;
				CLANG_ANALYZER_NUMBER_OBJECT_CONVERSION = YES_AGGRESSIVE;
				CLANG_CXX_LANGUAGE_STANDARD = "gnu++17";
				CLANG_CXX_LIBRARY = "libc++";
				CLANG_ENABLE_MODULES = YES;
				CLANG_ENABLE_OBJC_ARC = YES;
				CLANG_ENABLE_OBJC_WEAK = YES;
				CLANG_WARN_BLOCK_CAPTURE_AUTORELEASING = YES;
				CLANG_WARN_BOOL_CONVERSION = YES;
				CLANG_WARN_COMMA = YES;
				CLANG_WARN_CONSTANT_CONVERSION = YES;
				CLANG_WARN_DEPRECATED_OBJC_IMPLEMENTATIONS = YES;
				CLANG_WARN_DIRECT_OBJC_ISA_USAGE = YES_ERROR;
				CLANG_WARN_DOCUMENTATION_COMMENTS = YES;
				CLANG_WARN_EMPTY_BODY = YES;
				CLANG_WARN_ENUM_CONVERSION = YES;
				CLANG_WARN_INFINITE_RECURSION = YES;
				CLANG_WARN_INT_CONVERSION = YES;
				CLANG_WARN_NON_LITERAL_NULL_CONVERSION = YES;
				CLANG_WARN_OBJC_IMPLICIT_RETAIN_SELF = YES;
				CLANG_WARN_OBJC_LITERAL_CONVERSION = YES;
				CLANG_WARN_OBJC_ROOT_CLASS = YES_ERROR;
				CLANG_WARN_QUOTED_INCLUDE_IN_FRAMEWORK_HEADER = YES;
				CLANG_WARN_RANGE_LOOP_ANALYSIS = YES;
				CLANG_WARN_STRICT_PROTOTYPES = YES;
				CLANG_WARN_SUSPICIOUS_MOVE = YES;
				CLANG_WARN_UNGUARDED_AVAILABILITY = YES_AGGRESSIVE;
				CLANG_WARN_UNREACHABLE_CODE = YES;
				CLANG_WARN__DUPLICATE_METHOD_MATCH = YES;
				COPY_PHASE_STRIP = NO;
				DEBUG_INFORMATION_FORMAT = dwarf;
				ENABLE_STRICT_OBJC_MSGSEND = YES;
				ENABLE_TESTABILITY = YES;
				GCC_C_LANGUAGE_STANDARD = gnu11;
				GCC_DYNAMIC_NO_PIC = NO;
				GCC_NO_COMMON_BLOCKS = YES;
				GCC_OPTIMIZATION_LEVEL = 0;
				GCC_PREPROCESSOR_DEFINITIONS = (
					"DEBUG=1",
					"$(inherited)",
				);
				GCC_WARN_64_TO_32_BIT_CONVERSION = YES;
				GCC_WARN_ABOUT_RETURN_TYPE = YES_ERROR;
				GCC_WARN_UNDECLARED_SELECTOR = YES;
				GCC_WARN_UNINITIALIZED_AUTOS = YES_AGGRESSIVE;
				GCC_WARN_UNUSED_FUNCTION = YES;
				GCC_WARN_UNUSED_VARIABLE = YES;
				MACOSX_DEPLOYMENT_TARGET = 11.6;
				MTL_ENABLE_DEBUG_INFO = INCLUDE_SOURCE;
				MTL_FAST_MATH = YES;
				ONLY_ACTIVE_ARCH = YES;
				SDKROOT = macosx;
			};
			name = Debug;
		};
		2940C295279DDA9C0010B621 /* Release */ = {
			isa = XCBuildConfiguration;
			buildSettings = {
				ALWAYS_SEARCH_USER_PATHS = NO;
				CLANG_ANALYZER_NONNULL = YES;
				CLANG_ANALYZER_NUMBER_OBJECT_CONVERSION = YES_AGGRESSIVE;
				CLANG_CXX_LANGUAGE_STANDARD = "gnu++17";
				CLANG_CXX_LIBRARY = "libc++";
				CLANG_ENABLE_MODULES = YES;
				CLANG_ENABLE_OBJC_ARC = YES;
				CLANG_ENABLE_OBJC_WEAK = YES;
				CLANG_WARN_BLOCK_CAPTURE_AUTORELEASING = YES;
				CLANG_WARN_BOOL_CONVERSION = YES;
				CLANG_WARN_COMMA = YES;
				CLANG_WARN_CONSTANT_CONVERSION = YES;
				CLANG_WARN_DEPRECATED_OBJC_IMPLEMENTATIONS = YES;
				CLANG_WARN_DIRECT_OBJC_ISA_USAGE = YES_ERROR;
				CLANG_WARN_DOCUMENTATION_COMMENTS = YES;
				CLANG_WARN_EMPTY_BODY = YES;
				CLANG_WARN_ENUM_CONVERSION = YES;
				CLANG_WARN_INFINITE_RECURSION = YES;
				CLANG_WARN_INT_CONVERSION = YES;
				CLANG_WARN_NON_LITERAL_NULL_CONVERSION = YES;
				CLANG_WARN_OBJC_IMPLICIT_RETAIN_SELF = YES;
				CLANG_WARN_OBJC_LITERAL_CONVERSION = YES;
				CLANG_WARN_OBJC_ROOT_CLASS = YES_ERROR;
				CLANG_WARN_QUOTED_INCLUDE_IN_FRAMEWORK_HEADER = YES;
				CLANG_WARN_RANGE_LOOP_ANALYSIS = YES;
				CLANG_WARN_STRICT_PROTOTYPES = YES;
				CLANG_WARN_SUSPICIOUS_MOVE = YES;
				CLANG_WARN_UNGUARDED_AVAILABILITY = YES_AGGRESSIVE;
				CLANG_WARN_UNREACHABLE_CODE = YES;
				CLANG_WARN__DUPLICATE_METHOD_MATCH = YES;
				COPY_PHASE_STRIP = NO;
				DEBUG_INFORMATION_FORMAT = "dwarf-with-dsym";
				ENABLE_NS_ASSERTIONS = NO;
				ENABLE_STRICT_OBJC_MSGSEND = YES;
				GCC_C_LANGUAGE_STANDARD = gnu11;
				GCC_NO_COMMON_BLOCKS = YES;
				GCC_WARN_64_TO_32_BIT_CONVERSION = YES;
				GCC_WARN_ABOUT_RETURN_TYPE = YES_ERROR;
				GCC_WARN_UNDECLARED_SELECTOR = YES;
				GCC_WARN_UNINITIALIZED_AUTOS = YES_AGGRESSIVE;
				GCC_WARN_UNUSED_FUNCTION = YES;
				GCC_WARN_UNUSED_VARIABLE = YES;
				MACOSX_DEPLOYMENT_TARGET = 11.6;
				MTL_ENABLE_DEBUG_INFO = NO;
				MTL_FAST_MATH = YES;
				SDKROOT = macosx;
			};
			name = Release;
		};
		2940C297279DDA9C0010B621 /* Debug */ = {
			isa = XCBuildConfiguration;
			buildSettings = {
				CODE_SIGN_STYLE = Automatic;
				DEVELOPMENT_TEAM = 5C9F7X34F2;
				ENABLE_HARDENED_RUNTIME = YES;
				PRODUCT_NAME = "$(TARGET_NAME)";
			};
			name = Debug;
		};
		2940C298279DDA9C0010B621 /* Release */ = {
			isa = XCBuildConfiguration;
			buildSettings = {
				CODE_SIGN_STYLE = Automatic;
				DEVELOPMENT_TEAM = 5C9F7X34F2;
				ENABLE_HARDENED_RUNTIME = YES;
				PRODUCT_NAME = "$(TARGET_NAME)";
			};
			name = Release;
		};
		2940C2A2279DDAB30010B621 /* Debug */ = {
			isa = XCBuildConfiguration;
			buildSettings = {
				CODE_SIGN_STYLE = Automatic;
				CURRENT_PROJECT_VERSION = 1;
				DEVELOPMENT_TEAM = 5C9F7X34F2;
				GENERATE_INFOPLIST_FILE = YES;
				MARKETING_VERSION = 1.0;
				PRODUCT_BUNDLE_IDENTIFIER = com.anatoly.FactoryMethod;
				PRODUCT_NAME = "$(TARGET_NAME)";
				SWIFT_EMIT_LOC_STRINGS = NO;
			};
			name = Debug;
		};
		2940C2A3279DDAB30010B621 /* Release */ = {
			isa = XCBuildConfiguration;
			buildSettings = {
				CODE_SIGN_STYLE = Automatic;
				CURRENT_PROJECT_VERSION = 1;
				DEVELOPMENT_TEAM = 5C9F7X34F2;
				GENERATE_INFOPLIST_FILE = YES;
				MARKETING_VERSION = 1.0;
				PRODUCT_BUNDLE_IDENTIFIER = com.anatoly.FactoryMethod;
				PRODUCT_NAME = "$(TARGET_NAME)";
				SWIFT_EMIT_LOC_STRINGS = NO;
			};
			name = Release;
		};
		295177BE286438CE008BCDDA /* Debug */ = {
			isa = XCBuildConfiguration;
			buildSettings = {
				CODE_SIGN_STYLE = Automatic;
				CURRENT_PROJECT_VERSION = 1;
				DEVELOPMENT_TEAM = 5C9F7X34F2;
				GENERATE_INFOPLIST_FILE = YES;
				IPHONEOS_DEPLOYMENT_TARGET = 15.5;
				MARKETING_VERSION = 1.0;
				PRODUCT_BUNDLE_IDENTIFIER = com.anatoly.Singleton;
				PRODUCT_NAME = "$(TARGET_NAME)";
				SDKROOT = iphoneos;
				SWIFT_EMIT_LOC_STRINGS = NO;
				TARGETED_DEVICE_FAMILY = "1,2";
			};
			name = Debug;
		};
		295177BF286438CE008BCDDA /* Release */ = {
			isa = XCBuildConfiguration;
			buildSettings = {
				CODE_SIGN_STYLE = Automatic;
				CURRENT_PROJECT_VERSION = 1;
				DEVELOPMENT_TEAM = 5C9F7X34F2;
				GENERATE_INFOPLIST_FILE = YES;
				IPHONEOS_DEPLOYMENT_TARGET = 15.5;
				MARKETING_VERSION = 1.0;
				PRODUCT_BUNDLE_IDENTIFIER = com.anatoly.Singleton;
				PRODUCT_NAME = "$(TARGET_NAME)";
				SDKROOT = iphoneos;
				SWIFT_EMIT_LOC_STRINGS = NO;
				TARGETED_DEVICE_FAMILY = "1,2";
				VALIDATE_PRODUCT = YES;
			};
			name = Release;
		};
		2966E3EB2874429E00C073A4 /* Debug */ = {
			isa = XCBuildConfiguration;
			buildSettings = {
				CODE_SIGN_STYLE = Automatic;
				CURRENT_PROJECT_VERSION = 1;
				DEVELOPMENT_TEAM = 5C9F7X34F2;
				GENERATE_INFOPLIST_FILE = YES;
				IPHONEOS_DEPLOYMENT_TARGET = 15.5;
				MARKETING_VERSION = 1.0;
				PRODUCT_BUNDLE_IDENTIFIER = com.anatoly.RegularBuilder;
				PRODUCT_NAME = "$(TARGET_NAME)";
				SDKROOT = iphoneos;
				SWIFT_EMIT_LOC_STRINGS = NO;
				TARGETED_DEVICE_FAMILY = "1,2";
			};
			name = Debug;
		};
		2966E3EC2874429E00C073A4 /* Release */ = {
			isa = XCBuildConfiguration;
			buildSettings = {
				CODE_SIGN_STYLE = Automatic;
				CURRENT_PROJECT_VERSION = 1;
				DEVELOPMENT_TEAM = 5C9F7X34F2;
				GENERATE_INFOPLIST_FILE = YES;
				IPHONEOS_DEPLOYMENT_TARGET = 15.5;
				MARKETING_VERSION = 1.0;
				PRODUCT_BUNDLE_IDENTIFIER = com.anatoly.RegularBuilder;
				PRODUCT_NAME = "$(TARGET_NAME)";
				SDKROOT = iphoneos;
				SWIFT_EMIT_LOC_STRINGS = NO;
				TARGETED_DEVICE_FAMILY = "1,2";
				VALIDATE_PRODUCT = YES;
			};
			name = Release;
		};
		297E32A128AE43FE0076BA9F /* Debug */ = {
			isa = XCBuildConfiguration;
			buildSettings = {
				CODE_SIGN_STYLE = Automatic;
				CURRENT_PROJECT_VERSION = 1;
				DEVELOPMENT_TEAM = 5C9F7X34F2;
				GENERATE_INFOPLIST_FILE = YES;
				IPHONEOS_DEPLOYMENT_TARGET = 15.5;
				MARKETING_VERSION = 1.0;
				PRODUCT_BUNDLE_IDENTIFIER = com.anatoly.ChainOfResponsibility;
				PRODUCT_NAME = "$(TARGET_NAME)";
				SDKROOT = iphoneos;
				SWIFT_EMIT_LOC_STRINGS = NO;
				TARGETED_DEVICE_FAMILY = "1,2";
			};
			name = Debug;
		};
		297E32A228AE43FE0076BA9F /* Release */ = {
			isa = XCBuildConfiguration;
			buildSettings = {
				CODE_SIGN_STYLE = Automatic;
				CURRENT_PROJECT_VERSION = 1;
				DEVELOPMENT_TEAM = 5C9F7X34F2;
				GENERATE_INFOPLIST_FILE = YES;
				IPHONEOS_DEPLOYMENT_TARGET = 15.5;
				MARKETING_VERSION = 1.0;
				PRODUCT_BUNDLE_IDENTIFIER = com.anatoly.ChainOfResponsibility;
				PRODUCT_NAME = "$(TARGET_NAME)";
				SDKROOT = iphoneos;
				SWIFT_EMIT_LOC_STRINGS = NO;
				TARGETED_DEVICE_FAMILY = "1,2";
				VALIDATE_PRODUCT = YES;
			};
			name = Release;
		};
		2996FC8E28734BBA00C2CB50 /* Debug */ = {
			isa = XCBuildConfiguration;
			buildSettings = {
				CODE_SIGN_STYLE = Automatic;
				CURRENT_PROJECT_VERSION = 1;
				DEVELOPMENT_TEAM = 5C9F7X34F2;
				GENERATE_INFOPLIST_FILE = YES;
				IPHONEOS_DEPLOYMENT_TARGET = 15.5;
				MARKETING_VERSION = 1.0;
				PRODUCT_BUNDLE_IDENTIFIER = com.anatoly.AbstractFactory;
				PRODUCT_NAME = "$(TARGET_NAME)";
				SDKROOT = iphoneos;
				SWIFT_EMIT_LOC_STRINGS = NO;
				TARGETED_DEVICE_FAMILY = "1,2";
			};
			name = Debug;
		};
		2996FC8F28734BBA00C2CB50 /* Release */ = {
			isa = XCBuildConfiguration;
			buildSettings = {
				CODE_SIGN_STYLE = Automatic;
				CURRENT_PROJECT_VERSION = 1;
				DEVELOPMENT_TEAM = 5C9F7X34F2;
				GENERATE_INFOPLIST_FILE = YES;
				IPHONEOS_DEPLOYMENT_TARGET = 15.5;
				MARKETING_VERSION = 1.0;
				PRODUCT_BUNDLE_IDENTIFIER = com.anatoly.AbstractFactory;
				PRODUCT_NAME = "$(TARGET_NAME)";
				SDKROOT = iphoneos;
				SWIFT_EMIT_LOC_STRINGS = NO;
				TARGETED_DEVICE_FAMILY = "1,2";
				VALIDATE_PRODUCT = YES;
			};
			name = Release;
		};
		29A6B614286B47BE00091B3D /* Debug */ = {
			isa = XCBuildConfiguration;
			buildSettings = {
				CODE_SIGN_STYLE = Automatic;
				CURRENT_PROJECT_VERSION = 1;
				DEVELOPMENT_TEAM = 5C9F7X34F2;
				GENERATE_INFOPLIST_FILE = YES;
				IPHONEOS_DEPLOYMENT_TARGET = 15.5;
				MARKETING_VERSION = 1.0;
				PRODUCT_BUNDLE_IDENTIFIER = com.anatoly.Builder;
				PRODUCT_NAME = "$(TARGET_NAME)";
				SDKROOT = iphoneos;
				SWIFT_EMIT_LOC_STRINGS = NO;
				TARGETED_DEVICE_FAMILY = "1,2";
			};
			name = Debug;
		};
		29A6B615286B47BE00091B3D /* Release */ = {
			isa = XCBuildConfiguration;
			buildSettings = {
				CODE_SIGN_STYLE = Automatic;
				CURRENT_PROJECT_VERSION = 1;
				DEVELOPMENT_TEAM = 5C9F7X34F2;
				GENERATE_INFOPLIST_FILE = YES;
				IPHONEOS_DEPLOYMENT_TARGET = 15.5;
				MARKETING_VERSION = 1.0;
				PRODUCT_BUNDLE_IDENTIFIER = com.anatoly.Builder;
				PRODUCT_NAME = "$(TARGET_NAME)";
				SDKROOT = iphoneos;
				SWIFT_EMIT_LOC_STRINGS = NO;
				TARGETED_DEVICE_FAMILY = "1,2";
				VALIDATE_PRODUCT = YES;
			};
			name = Release;
		};
		29CEE3B92893C35400913F20 /* Debug */ = {
			isa = XCBuildConfiguration;
			buildSettings = {
				CODE_SIGN_STYLE = Automatic;
				CURRENT_PROJECT_VERSION = 1;
				DEVELOPMENT_TEAM = 5C9F7X34F2;
				GENERATE_INFOPLIST_FILE = YES;
				IPHONEOS_DEPLOYMENT_TARGET = 15.5;
				MARKETING_VERSION = 1.0;
				PRODUCT_BUNDLE_IDENTIFIER = com.anatoly.Visitor;
				PRODUCT_NAME = "$(TARGET_NAME)";
				SDKROOT = iphoneos;
				SWIFT_EMIT_LOC_STRINGS = NO;
				TARGETED_DEVICE_FAMILY = "1,2";
			};
			name = Debug;
		};
		29CEE3BA2893C35400913F20 /* Release */ = {
			isa = XCBuildConfiguration;
			buildSettings = {
				CODE_SIGN_STYLE = Automatic;
				CURRENT_PROJECT_VERSION = 1;
				DEVELOPMENT_TEAM = 5C9F7X34F2;
				GENERATE_INFOPLIST_FILE = YES;
				IPHONEOS_DEPLOYMENT_TARGET = 15.5;
				MARKETING_VERSION = 1.0;
				PRODUCT_BUNDLE_IDENTIFIER = com.anatoly.Visitor;
				PRODUCT_NAME = "$(TARGET_NAME)";
				SDKROOT = iphoneos;
				SWIFT_EMIT_LOC_STRINGS = NO;
				TARGETED_DEVICE_FAMILY = "1,2";
				VALIDATE_PRODUCT = YES;
			};
			name = Release;
		};
		29E36131286AEE3A00E64485 /* Debug */ = {
			isa = XCBuildConfiguration;
			buildSettings = {
				CODE_SIGN_STYLE = Automatic;
				CURRENT_PROJECT_VERSION = 1;
				DEVELOPMENT_TEAM = 5C9F7X34F2;
				GENERATE_INFOPLIST_FILE = YES;
				IPHONEOS_DEPLOYMENT_TARGET = 15.5;
				MARKETING_VERSION = 1.0;
				PRODUCT_BUNDLE_IDENTIFIER = com.anatoly.Prototype;
				PRODUCT_NAME = "$(TARGET_NAME)";
				SDKROOT = iphoneos;
				SWIFT_EMIT_LOC_STRINGS = NO;
				TARGETED_DEVICE_FAMILY = "1,2";
			};
			name = Debug;
		};
		29E36132286AEE3A00E64485 /* Release */ = {
			isa = XCBuildConfiguration;
			buildSettings = {
				CODE_SIGN_STYLE = Automatic;
				CURRENT_PROJECT_VERSION = 1;
				DEVELOPMENT_TEAM = 5C9F7X34F2;
				GENERATE_INFOPLIST_FILE = YES;
				IPHONEOS_DEPLOYMENT_TARGET = 15.5;
				MARKETING_VERSION = 1.0;
				PRODUCT_BUNDLE_IDENTIFIER = com.anatoly.Prototype;
				PRODUCT_NAME = "$(TARGET_NAME)";
				SDKROOT = iphoneos;
				SWIFT_EMIT_LOC_STRINGS = NO;
				TARGETED_DEVICE_FAMILY = "1,2";
				VALIDATE_PRODUCT = YES;
			};
			name = Release;
		};
		29EA91B6289003BD00B17834 /* Debug */ = {
			isa = XCBuildConfiguration;
			buildSettings = {
				CODE_SIGN_STYLE = Automatic;
				CURRENT_PROJECT_VERSION = 1;
				DEVELOPMENT_TEAM = 5C9F7X34F2;
				GENERATE_INFOPLIST_FILE = YES;
				IPHONEOS_DEPLOYMENT_TARGET = 15.5;
				MARKETING_VERSION = 1.0;
				PRODUCT_BUNDLE_IDENTIFIER = com.anatoly.Facade;
				PRODUCT_NAME = "$(TARGET_NAME)";
				SDKROOT = iphoneos;
				SWIFT_EMIT_LOC_STRINGS = NO;
				TARGETED_DEVICE_FAMILY = "1,2";
			};
			name = Debug;
		};
		29EA91B7289003BD00B17834 /* Release */ = {
			isa = XCBuildConfiguration;
			buildSettings = {
				CODE_SIGN_STYLE = Automatic;
				CURRENT_PROJECT_VERSION = 1;
				DEVELOPMENT_TEAM = 5C9F7X34F2;
				GENERATE_INFOPLIST_FILE = YES;
				IPHONEOS_DEPLOYMENT_TARGET = 15.5;
				MARKETING_VERSION = 1.0;
				PRODUCT_BUNDLE_IDENTIFIER = com.anatoly.Facade;
				PRODUCT_NAME = "$(TARGET_NAME)";
				SDKROOT = iphoneos;
				SWIFT_EMIT_LOC_STRINGS = NO;
				TARGETED_DEVICE_FAMILY = "1,2";
				VALIDATE_PRODUCT = YES;
			};
			name = Release;
		};
/* End XCBuildConfiguration section */

/* Begin XCConfigurationList section */
		2940C28A279DDA9C0010B621 /* Build configuration list for PBXProject "Patterns" */ = {
			isa = XCConfigurationList;
			buildConfigurations = (
				2940C294279DDA9C0010B621 /* Debug */,
				2940C295279DDA9C0010B621 /* Release */,
			);
			defaultConfigurationIsVisible = 0;
			defaultConfigurationName = Release;
		};
		2940C296279DDA9C0010B621 /* Build configuration list for PBXNativeTarget "Patterns" */ = {
			isa = XCConfigurationList;
			buildConfigurations = (
				2940C297279DDA9C0010B621 /* Debug */,
				2940C298279DDA9C0010B621 /* Release */,
			);
			defaultConfigurationIsVisible = 0;
			defaultConfigurationName = Release;
		};
		2940C2A1279DDAB30010B621 /* Build configuration list for PBXNativeTarget "FactoryMethod" */ = {
			isa = XCConfigurationList;
			buildConfigurations = (
				2940C2A2279DDAB30010B621 /* Debug */,
				2940C2A3279DDAB30010B621 /* Release */,
			);
			defaultConfigurationIsVisible = 0;
			defaultConfigurationName = Release;
		};
		295177C0286438CE008BCDDA /* Build configuration list for PBXNativeTarget "Singleton" */ = {
			isa = XCConfigurationList;
			buildConfigurations = (
				295177BE286438CE008BCDDA /* Debug */,
				295177BF286438CE008BCDDA /* Release */,
			);
			defaultConfigurationIsVisible = 0;
			defaultConfigurationName = Release;
		};
		2966E3ED2874429E00C073A4 /* Build configuration list for PBXNativeTarget "RegularBuilder" */ = {
			isa = XCConfigurationList;
			buildConfigurations = (
				2966E3EB2874429E00C073A4 /* Debug */,
				2966E3EC2874429E00C073A4 /* Release */,
			);
			defaultConfigurationIsVisible = 0;
			defaultConfigurationName = Release;
		};
		297E32A328AE43FE0076BA9F /* Build configuration list for PBXNativeTarget "ChainOfResponsibility" */ = {
			isa = XCConfigurationList;
			buildConfigurations = (
				297E32A128AE43FE0076BA9F /* Debug */,
				297E32A228AE43FE0076BA9F /* Release */,
			);
			defaultConfigurationIsVisible = 0;
			defaultConfigurationName = Release;
		};
		2996FC9028734BBA00C2CB50 /* Build configuration list for PBXNativeTarget "AbstractFactory" */ = {
			isa = XCConfigurationList;
			buildConfigurations = (
				2996FC8E28734BBA00C2CB50 /* Debug */,
				2996FC8F28734BBA00C2CB50 /* Release */,
			);
			defaultConfigurationIsVisible = 0;
			defaultConfigurationName = Release;
		};
		29A6B616286B47BE00091B3D /* Build configuration list for PBXNativeTarget "Builder" */ = {
			isa = XCConfigurationList;
			buildConfigurations = (
				29A6B614286B47BE00091B3D /* Debug */,
				29A6B615286B47BE00091B3D /* Release */,
			);
			defaultConfigurationIsVisible = 0;
			defaultConfigurationName = Release;
		};
		29CEE3BB2893C35400913F20 /* Build configuration list for PBXNativeTarget "Visitor" */ = {
			isa = XCConfigurationList;
			buildConfigurations = (
				29CEE3B92893C35400913F20 /* Debug */,
				29CEE3BA2893C35400913F20 /* Release */,
			);
			defaultConfigurationIsVisible = 0;
			defaultConfigurationName = Release;
		};
		29E36133286AEE3A00E64485 /* Build configuration list for PBXNativeTarget "Prototype" */ = {
			isa = XCConfigurationList;
			buildConfigurations = (
				29E36131286AEE3A00E64485 /* Debug */,
				29E36132286AEE3A00E64485 /* Release */,
			);
			defaultConfigurationIsVisible = 0;
			defaultConfigurationName = Release;
		};
		29EA91B5289003BD00B17834 /* Build configuration list for PBXNativeTarget "Facade" */ = {
			isa = XCConfigurationList;
			buildConfigurations = (
				29EA91B6289003BD00B17834 /* Debug */,
				29EA91B7289003BD00B17834 /* Release */,
			);
			defaultConfigurationIsVisible = 0;
			defaultConfigurationName = Release;
		};
/* End XCConfigurationList section */
	};
	rootObject = 2940C287279DDA9C0010B621 /* Project object */;
}
